
Microsoft Visual Studio Solution File, Format Version 12.00
# Visual Studio 15
VisualStudioVersion = 15.0.28307.960
MinimumVisualStudioVersion = 10.0.40219.1
Project("{FAE04EC0-301F-11D3-BF4B-00C04F79EFBC}") = "test_conn", "test_conn\test_conn.csproj", "{22ABC47D-A61E-4A36-AAD9-B06E439292DF}"
EndProject
Global
	GlobalSection(SolutionConfigurationPlatforms) = preSolution
		Debug|Any CPU = Debug|Any CPU
		Release|Any CPU = Release|Any CPU
	EndGlobalSection
	GlobalSection(ProjectConfigurationPlatforms) = postSolution
		{22ABC47D-A61E-4A36-AAD9-B06E439292DF}.Debug|Any CPU.ActiveCfg = Debug|Any CPU
		{22ABC47D-A61E-4A36-AAD9-B06E439292DF}.Debug|Any CPU.Build.0 = Debug|Any CPU
		{22ABC47D-A61E-4A36-AAD9-B06E439292DF}.Release|Any CPU.ActiveCfg = Release|Any CPU
		{22ABC47D-A61E-4A36-AAD9-B06E439292DF}.Release|Any CPU.Build.0 = Release|Any CPU
	EndGlobalSection
	GlobalSection(SolutionProperties) = preSolution
		HideSolutionNode = FALSE
	EndGlobalSection
	GlobalSection(ExtensibilityGlobals) = postSolution
		SolutionGuid = {F9CA8645-3B25-41E1-88FC-3B9476007A36}
	EndGlobalSection
EndGlobal
